
Microsoft Visual Studio Solution File, Format Version 12.00
# Visual Studio 15
VisualStudioVersion = 15.0.28307.271
MinimumVisualStudioVersion = 10.0.40219.1
Project("{9A19103F-16F7-4668-BE54-9A1E7A4F7556}") = "ReferralSystem", "ReferralSystem.csproj", "{D4BA3608-FA51-40EE-9A9F-5C14F675E035}"
EndProject
Global
	GlobalSection(SolutionConfigurationPlatforms) = preSolution
		Debug|Any CPU = Debug|Any CPU
		Release|Any CPU = Release|Any CPU
	EndGlobalSection
	GlobalSection(ProjectConfigurationPlatforms) = postSolution
		{D4BA3608-FA51-40EE-9A9F-5C14F675E035}.Debug|Any CPU.ActiveCfg = Debug|Any CPU
		{D4BA3608-FA51-40EE-9A9F-5C14F675E035}.Debug|Any CPU.Build.0 = Debug|Any CPU
		{D4BA3608-FA51-40EE-9A9F-5C14F675E035}.Release|Any CPU.ActiveCfg = Release|Any CPU
		{D4BA3608-FA51-40EE-9A9F-5C14F675E035}.Release|Any CPU.Build.0 = Release|Any CPU
	EndGlobalSection
	GlobalSection(SolutionProperties) = preSolution
		HideSolutionNode = FALSE
	EndGlobalSection
	GlobalSection(ExtensibilityGlobals) = postSolution
		SolutionGuid = {67358066-7DD7-4406-B0E8-06C01BB32735}
	EndGlobalSection
EndGlobal
